
Microsoft Visual Studio Solution File, Format Version 12.00
# Visual Studio Version 16
VisualStudioVersion = 16.0.29201.188
MinimumVisualStudioVersion = 10.0.40219.1
Project("{FAE04EC0-301F-11D3-BF4B-00C04F79EFBC}") = "SpecFlowNUnitDemo", "SpecFlowNUnitDemo\SpecFlowNUnitDemo.csproj", "{C3B83DCC-6D82-405D-9ECD-3E8803C5F5D5}"
EndProject
Project("{FAE04EC0-301F-11D3-BF4B-00C04F79EFBC}") = "MyNewCalculator", "MyNewCalculator\MyNewCalculator.csproj", "{925C8F4D-0F69-4147-8E04-69781E5B908A}"
EndProject
Global
	GlobalSection(SolutionConfigurationPlatforms) = preSolution
		Debug|Any CPU = Debug|Any CPU
		Release|Any CPU = Release|Any CPU
	EndGlobalSection
	GlobalSection(ProjectConfigurationPlatforms) = postSolution
		{C3B83DCC-6D82-405D-9ECD-3E8803C5F5D5}.Debug|Any CPU.ActiveCfg = Debug|Any CPU
		{C3B83DCC-6D82-405D-9ECD-3E8803C5F5D5}.Debug|Any CPU.Build.0 = Debug|Any CPU
		{C3B83DCC-6D82-405D-9ECD-3E8803C5F5D5}.Release|Any CPU.ActiveCfg = Release|Any CPU
		{C3B83DCC-6D82-405D-9ECD-3E8803C5F5D5}.Release|Any CPU.Build.0 = Release|Any CPU
		{925C8F4D-0F69-4147-8E04-69781E5B908A}.Debug|Any CPU.ActiveCfg = Debug|Any CPU
		{925C8F4D-0F69-4147-8E04-69781E5B908A}.Debug|Any CPU.Build.0 = Debug|Any CPU
		{925C8F4D-0F69-4147-8E04-69781E5B908A}.Release|Any CPU.ActiveCfg = Release|Any CPU
		{925C8F4D-0F69-4147-8E04-69781E5B908A}.Release|Any CPU.Build.0 = Release|Any CPU
	EndGlobalSection
	GlobalSection(SolutionProperties) = preSolution
		HideSolutionNode = FALSE
	EndGlobalSection
	GlobalSection(ExtensibilityGlobals) = postSolution
		SolutionGuid = {9F07F370-4D73-4F7A-8325-503076543407}
	EndGlobalSection
EndGlobal
